// !$*UTF8*$!
{
	archiveVersion = 1;
	classes = {
	};
	objectVersion = 46;
	objects = {

/* Begin PBXBuildFile section */
		50B7E6B31D706201006BEE5C /* NSBundle+FormatterKit.h in Headers */ = {isa = PBXBuildFile; fileRef = 50B7E6B11D706201006BEE5C /* NSBundle+FormatterKit.h */; };
		50B7E6B41D706201006BEE5C /* NSBundle+FormatterKit.h in Headers */ = {isa = PBXBuildFile; fileRef = 50B7E6B11D706201006BEE5C /* NSBundle+FormatterKit.h */; };
		50B7E6B51D706201006BEE5C /* NSBundle+FormatterKit.h in Headers */ = {isa = PBXBuildFile; fileRef = 50B7E6B11D706201006BEE5C /* NSBundle+FormatterKit.h */; };
		50B7E6B61D706201006BEE5C /* NSBundle+FormatterKit.h in Headers */ = {isa = PBXBuildFile; fileRef = 50B7E6B11D706201006BEE5C /* NSBundle+FormatterKit.h */; };
		50B7E6B71D706201006BEE5C /* NSBundle+FormatterKit.m in Sources */ = {isa = PBXBuildFile; fileRef = 50B7E6B21D706201006BEE5C /* NSBundle+FormatterKit.m */; };
		50B7E6B81D706201006BEE5C /* NSBundle+FormatterKit.m in Sources */ = {isa = PBXBuildFile; fileRef = 50B7E6B21D706201006BEE5C /* NSBundle+FormatterKit.m */; };
		50B7E6B91D706201006BEE5C /* NSBundle+FormatterKit.m in Sources */ = {isa = PBXBuildFile; fileRef = 50B7E6B21D706201006BEE5C /* NSBundle+FormatterKit.m */; };
		50B7E6BA1D706201006BEE5C /* NSBundle+FormatterKit.m in Sources */ = {isa = PBXBuildFile; fileRef = 50B7E6B21D706201006BEE5C /* NSBundle+FormatterKit.m */; };
		50B8F3141D75BF7700384040 /* FormatterKit.bundle in Resources */ = {isa = PBXBuildFile; fileRef = 50B8F3131D75BF7700384040 /* FormatterKit.bundle */; };
		50B8F3151D75BF7700384040 /* FormatterKit.bundle in Resources */ = {isa = PBXBuildFile; fileRef = 50B8F3131D75BF7700384040 /* FormatterKit.bundle */; };
		50B8F3161D75BF7700384040 /* FormatterKit.bundle in Resources */ = {isa = PBXBuildFile; fileRef = 50B8F3131D75BF7700384040 /* FormatterKit.bundle */; };
		50B8F3171D75BF7700384040 /* FormatterKit.bundle in Resources */ = {isa = PBXBuildFile; fileRef = 50B8F3131D75BF7700384040 /* FormatterKit.bundle */; };
		5B08B66D1CA69F99009541EC /* FormatterKit.h in Headers */ = {isa = PBXBuildFile; fileRef = 5B08B66C1CA69F99009541EC /* FormatterKit.h */; settings = {ATTRIBUTES = (Public, ); }; };
		5B08B6931CA6A0C3009541EC /* TTTAddressFormatter.h in Headers */ = {isa = PBXBuildFile; fileRef = 5B08B6811CA6A0C3009541EC /* TTTAddressFormatter.h */; settings = {ATTRIBUTES = (Public, ); }; };
		5B08B6941CA6A0C3009541EC /* TTTAddressFormatter.h in Headers */ = {isa = PBXBuildFile; fileRef = 5B08B6811CA6A0C3009541EC /* TTTAddressFormatter.h */; settings = {ATTRIBUTES = (Public, ); }; };
		5B08B6951CA6A0C3009541EC /* TTTAddressFormatter.m in Sources */ = {isa = PBXBuildFile; fileRef = 5B08B6821CA6A0C3009541EC /* TTTAddressFormatter.m */; };
		5B08B6961CA6A0C3009541EC /* TTTAddressFormatter.m in Sources */ = {isa = PBXBuildFile; fileRef = 5B08B6821CA6A0C3009541EC /* TTTAddressFormatter.m */; };
		5B08B6971CA6A0C3009541EC /* TTTArrayFormatter.h in Headers */ = {isa = PBXBuildFile; fileRef = 5B08B6831CA6A0C3009541EC /* TTTArrayFormatter.h */; settings = {ATTRIBUTES = (Public, ); }; };
		5B08B6981CA6A0C3009541EC /* TTTArrayFormatter.h in Headers */ = {isa = PBXBuildFile; fileRef = 5B08B6831CA6A0C3009541EC /* TTTArrayFormatter.h */; settings = {ATTRIBUTES = (Public, ); }; };
		5B08B6991CA6A0C3009541EC /* TTTArrayFormatter.m in Sources */ = {isa = PBXBuildFile; fileRef = 5B08B6841CA6A0C3009541EC /* TTTArrayFormatter.m */; };
		5B08B69A1CA6A0C3009541EC /* TTTArrayFormatter.m in Sources */ = {isa = PBXBuildFile; fileRef = 5B08B6841CA6A0C3009541EC /* TTTArrayFormatter.m */; };
		5B08B69B1CA6A0C3009541EC /* TTTColorFormatter.h in Headers */ = {isa = PBXBuildFile; fileRef = 5B08B6851CA6A0C3009541EC /* TTTColorFormatter.h */; settings = {ATTRIBUTES = (Public, ); }; };
		5B08B69C1CA6A0C3009541EC /* TTTColorFormatter.h in Headers */ = {isa = PBXBuildFile; fileRef = 5B08B6851CA6A0C3009541EC /* TTTColorFormatter.h */; settings = {ATTRIBUTES = (Public, ); }; };
		5B08B69D1CA6A0C3009541EC /* TTTColorFormatter.m in Sources */ = {isa = PBXBuildFile; fileRef = 5B08B6861CA6A0C3009541EC /* TTTColorFormatter.m */; };
		5B08B69E1CA6A0C3009541EC /* TTTColorFormatter.m in Sources */ = {isa = PBXBuildFile; fileRef = 5B08B6861CA6A0C3009541EC /* TTTColorFormatter.m */; };
		5B08B69F1CA6A0C3009541EC /* TTTLocationFormatter.h in Headers */ = {isa = PBXBuildFile; fileRef = 5B08B6871CA6A0C3009541EC /* TTTLocationFormatter.h */; settings = {ATTRIBUTES = (Public, ); }; };
		5B08B6A01CA6A0C3009541EC /* TTTLocationFormatter.h in Headers */ = {isa = PBXBuildFile; fileRef = 5B08B6871CA6A0C3009541EC /* TTTLocationFormatter.h */; settings = {ATTRIBUTES = (Public, ); }; };
		5B08B6A11CA6A0C3009541EC /* TTTLocationFormatter.m in Sources */ = {isa = PBXBuildFile; fileRef = 5B08B6881CA6A0C3009541EC /* TTTLocationFormatter.m */; };
		5B08B6A21CA6A0C3009541EC /* TTTLocationFormatter.m in Sources */ = {isa = PBXBuildFile; fileRef = 5B08B6881CA6A0C3009541EC /* TTTLocationFormatter.m */; };
		5B08B6A31CA6A0C3009541EC /* TTTNameFormatter.h in Headers */ = {isa = PBXBuildFile; fileRef = 5B08B6891CA6A0C3009541EC /* TTTNameFormatter.h */; settings = {ATTRIBUTES = (Public, ); }; };
		5B08B6A41CA6A0C3009541EC /* TTTNameFormatter.h in Headers */ = {isa = PBXBuildFile; fileRef = 5B08B6891CA6A0C3009541EC /* TTTNameFormatter.h */; settings = {ATTRIBUTES = (Public, ); }; };
		5B08B6A51CA6A0C3009541EC /* TTTNameFormatter.m in Sources */ = {isa = PBXBuildFile; fileRef = 5B08B68A1CA6A0C3009541EC /* TTTNameFormatter.m */; };
		5B08B6A61CA6A0C3009541EC /* TTTNameFormatter.m in Sources */ = {isa = PBXBuildFile; fileRef = 5B08B68A1CA6A0C3009541EC /* TTTNameFormatter.m */; };
		5B08B6A71CA6A0C3009541EC /* TTTOrdinalNumberFormatter.h in Headers */ = {isa = PBXBuildFile; fileRef = 5B08B68B1CA6A0C3009541EC /* TTTOrdinalNumberFormatter.h */; settings = {ATTRIBUTES = (Public, ); }; };
		5B08B6A81CA6A0C3009541EC /* TTTOrdinalNumberFormatter.h in Headers */ = {isa = PBXBuildFile; fileRef = 5B08B68B1CA6A0C3009541EC /* TTTOrdinalNumberFormatter.h */; settings = {ATTRIBUTES = (Public, ); }; };
		5B08B6A91CA6A0C3009541EC /* TTTOrdinalNumberFormatter.m in Sources */ = {isa = PBXBuildFile; fileRef = 5B08B68C1CA6A0C3009541EC /* TTTOrdinalNumberFormatter.m */; };
		5B08B6AA1CA6A0C3009541EC /* TTTOrdinalNumberFormatter.m in Sources */ = {isa = PBXBuildFile; fileRef = 5B08B68C1CA6A0C3009541EC /* TTTOrdinalNumberFormatter.m */; };
		5B08B6AB1CA6A0C3009541EC /* TTTTimeIntervalFormatter.h in Headers */ = {isa = PBXBuildFile; fileRef = 5B08B68D1CA6A0C3009541EC /* TTTTimeIntervalFormatter.h */; settings = {ATTRIBUTES = (Public, ); }; };
		5B08B6AC1CA6A0C3009541EC /* TTTTimeIntervalFormatter.h in Headers */ = {isa = PBXBuildFile; fileRef = 5B08B68D1CA6A0C3009541EC /* TTTTimeIntervalFormatter.h */; settings = {ATTRIBUTES = (Public, ); }; };
		5B08B6AD1CA6A0C3009541EC /* TTTTimeIntervalFormatter.m in Sources */ = {isa = PBXBuildFile; fileRef = 5B08B68E1CA6A0C3009541EC /* TTTTimeIntervalFormatter.m */; };
		5B08B6AE1CA6A0C3009541EC /* TTTTimeIntervalFormatter.m in Sources */ = {isa = PBXBuildFile; fileRef = 5B08B68E1CA6A0C3009541EC /* TTTTimeIntervalFormatter.m */; };
		5B08B6AF1CA6A0C3009541EC /* TTTUnitOfInformationFormatter.h in Headers */ = {isa = PBXBuildFile; fileRef = 5B08B68F1CA6A0C3009541EC /* TTTUnitOfInformationFormatter.h */; settings = {ATTRIBUTES = (Public, ); }; };
		5B08B6B01CA6A0C3009541EC /* TTTUnitOfInformationFormatter.h in Headers */ = {isa = PBXBuildFile; fileRef = 5B08B68F1CA6A0C3009541EC /* TTTUnitOfInformationFormatter.h */; settings = {ATTRIBUTES = (Public, ); }; };
		5B08B6B11CA6A0C3009541EC /* TTTUnitOfInformationFormatter.m in Sources */ = {isa = PBXBuildFile; fileRef = 5B08B6901CA6A0C3009541EC /* TTTUnitOfInformationFormatter.m */; };
		5B08B6B21CA6A0C3009541EC /* TTTUnitOfInformationFormatter.m in Sources */ = {isa = PBXBuildFile; fileRef = 5B08B6901CA6A0C3009541EC /* TTTUnitOfInformationFormatter.m */; };
		5B08B6B31CA6A0C3009541EC /* TTTURLRequestFormatter.h in Headers */ = {isa = PBXBuildFile; fileRef = 5B08B6911CA6A0C3009541EC /* TTTURLRequestFormatter.h */; settings = {ATTRIBUTES = (Public, ); }; };
		5B08B6B41CA6A0C3009541EC /* TTTURLRequestFormatter.h in Headers */ = {isa = PBXBuildFile; fileRef = 5B08B6911CA6A0C3009541EC /* TTTURLRequestFormatter.h */; settings = {ATTRIBUTES = (Public, ); }; };
		5B08B6B51CA6A0C3009541EC /* TTTURLRequestFormatter.m in Sources */ = {isa = PBXBuildFile; fileRef = 5B08B6921CA6A0C3009541EC /* TTTURLRequestFormatter.m */; };
		5B08B6B61CA6A0C3009541EC /* TTTURLRequestFormatter.m in Sources */ = {isa = PBXBuildFile; fileRef = 5B08B6921CA6A0C3009541EC /* TTTURLRequestFormatter.m */; };
		5B08B6B71CA6A26A009541EC /* FormatterKit.h in Headers */ = {isa = PBXBuildFile; fileRef = 5B08B66C1CA69F99009541EC /* FormatterKit.h */; settings = {ATTRIBUTES = (Public, ); }; };
		FE4100C41D4996140059B762 /* FormatterKit.h in Headers */ = {isa = PBXBuildFile; fileRef = 5B08B66C1CA69F99009541EC /* FormatterKit.h */; settings = {ATTRIBUTES = (Public, ); }; };
		FE4100C51D4996140059B762 /* TTTAddressFormatter.h in Headers */ = {isa = PBXBuildFile; fileRef = 5B08B6811CA6A0C3009541EC /* TTTAddressFormatter.h */; settings = {ATTRIBUTES = (Public, ); }; };
		FE4100C61D4996140059B762 /* TTTArrayFormatter.h in Headers */ = {isa = PBXBuildFile; fileRef = 5B08B6831CA6A0C3009541EC /* TTTArrayFormatter.h */; settings = {ATTRIBUTES = (Public, ); }; };
		FE4100C71D4996140059B762 /* TTTColorFormatter.h in Headers */ = {isa = PBXBuildFile; fileRef = 5B08B6851CA6A0C3009541EC /* TTTColorFormatter.h */; settings = {ATTRIBUTES = (Public, ); }; };
		FE4100C81D4996140059B762 /* TTTLocationFormatter.h in Headers */ = {isa = PBXBuildFile; fileRef = 5B08B6871CA6A0C3009541EC /* TTTLocationFormatter.h */; settings = {ATTRIBUTES = (Public, ); }; };
		FE4100C91D4996140059B762 /* TTTNameFormatter.h in Headers */ = {isa = PBXBuildFile; fileRef = 5B08B6891CA6A0C3009541EC /* TTTNameFormatter.h */; settings = {ATTRIBUTES = (Public, ); }; };
		FE4100CA1D4996140059B762 /* TTTOrdinalNumberFormatter.h in Headers */ = {isa = PBXBuildFile; fileRef = 5B08B68B1CA6A0C3009541EC /* TTTOrdinalNumberFormatter.h */; settings = {ATTRIBUTES = (Public, ); }; };
		FE4100CB1D4996140059B762 /* TTTTimeIntervalFormatter.h in Headers */ = {isa = PBXBuildFile; fileRef = 5B08B68D1CA6A0C3009541EC /* TTTTimeIntervalFormatter.h */; settings = {ATTRIBUTES = (Public, ); }; };
		FE4100CC1D4996140059B762 /* TTTUnitOfInformationFormatter.h in Headers */ = {isa = PBXBuildFile; fileRef = 5B08B68F1CA6A0C3009541EC /* TTTUnitOfInformationFormatter.h */; settings = {ATTRIBUTES = (Public, ); }; };
		FE4100CD1D4996140059B762 /* TTTURLRequestFormatter.h in Headers */ = {isa = PBXBuildFile; fileRef = 5B08B6911CA6A0C3009541EC /* TTTURLRequestFormatter.h */; settings = {ATTRIBUTES = (Public, ); }; };
		FE4100CE1D4996310059B762 /* TTTAddressFormatter.m in Sources */ = {isa = PBXBuildFile; fileRef = 5B08B6821CA6A0C3009541EC /* TTTAddressFormatter.m */; };
		FE4100CF1D4996310059B762 /* TTTArrayFormatter.m in Sources */ = {isa = PBXBuildFile; fileRef = 5B08B6841CA6A0C3009541EC /* TTTArrayFormatter.m */; };
		FE4100D01D4996310059B762 /* TTTColorFormatter.m in Sources */ = {isa = PBXBuildFile; fileRef = 5B08B6861CA6A0C3009541EC /* TTTColorFormatter.m */; };
		FE4100D11D4996310059B762 /* TTTLocationFormatter.m in Sources */ = {isa = PBXBuildFile; fileRef = 5B08B6881CA6A0C3009541EC /* TTTLocationFormatter.m */; };
		FE4100D21D4996310059B762 /* TTTNameFormatter.m in Sources */ = {isa = PBXBuildFile; fileRef = 5B08B68A1CA6A0C3009541EC /* TTTNameFormatter.m */; };
		FE4100D31D4996310059B762 /* TTTOrdinalNumberFormatter.m in Sources */ = {isa = PBXBuildFile; fileRef = 5B08B68C1CA6A0C3009541EC /* TTTOrdinalNumberFormatter.m */; };
		FE4100D41D4996310059B762 /* TTTTimeIntervalFormatter.m in Sources */ = {isa = PBXBuildFile; fileRef = 5B08B68E1CA6A0C3009541EC /* TTTTimeIntervalFormatter.m */; };
		FE4100D51D4996310059B762 /* TTTUnitOfInformationFormatter.m in Sources */ = {isa = PBXBuildFile; fileRef = 5B08B6901CA6A0C3009541EC /* TTTUnitOfInformationFormatter.m */; };
		FE4100D61D4996310059B762 /* TTTURLRequestFormatter.m in Sources */ = {isa = PBXBuildFile; fileRef = 5B08B6921CA6A0C3009541EC /* TTTURLRequestFormatter.m */; };
		FE65C4751D1EF6FE00A8AC9D /* FormatterKit.h in Headers */ = {isa = PBXBuildFile; fileRef = 5B08B66C1CA69F99009541EC /* FormatterKit.h */; settings = {ATTRIBUTES = (Public, ); }; };
		FE65C4781D1EF70E00A8AC9D /* TTTArrayFormatter.h in Headers */ = {isa = PBXBuildFile; fileRef = 5B08B6831CA6A0C3009541EC /* TTTArrayFormatter.h */; settings = {ATTRIBUTES = (Public, ); }; };
		FE65C4791D1EF71400A8AC9D /* TTTArrayFormatter.m in Sources */ = {isa = PBXBuildFile; fileRef = 5B08B6841CA6A0C3009541EC /* TTTArrayFormatter.m */; };
		FE65C47A1D1EF72100A8AC9D /* TTTColorFormatter.m in Sources */ = {isa = PBXBuildFile; fileRef = 5B08B6861CA6A0C3009541EC /* TTTColorFormatter.m */; };
		FE65C47B1D1EF72100A8AC9D /* TTTLocationFormatter.m in Sources */ = {isa = PBXBuildFile; fileRef = 5B08B6881CA6A0C3009541EC /* TTTLocationFormatter.m */; };
		FE65C47D1D1EF72100A8AC9D /* TTTOrdinalNumberFormatter.m in Sources */ = {isa = PBXBuildFile; fileRef = 5B08B68C1CA6A0C3009541EC /* TTTOrdinalNumberFormatter.m */; };
		FE65C47E1D1EF72100A8AC9D /* TTTTimeIntervalFormatter.m in Sources */ = {isa = PBXBuildFile; fileRef = 5B08B68E1CA6A0C3009541EC /* TTTTimeIntervalFormatter.m */; };
		FE65C47F1D1EF72100A8AC9D /* TTTUnitOfInformationFormatter.m in Sources */ = {isa = PBXBuildFile; fileRef = 5B08B6901CA6A0C3009541EC /* TTTUnitOfInformationFormatter.m */; };
		FE65C4801D1EF72100A8AC9D /* TTTURLRequestFormatter.m in Sources */ = {isa = PBXBuildFile; fileRef = 5B08B6921CA6A0C3009541EC /* TTTURLRequestFormatter.m */; };
		FE65C4811D1EF72C00A8AC9D /* TTTColorFormatter.h in Headers */ = {isa = PBXBuildFile; fileRef = 5B08B6851CA6A0C3009541EC /* TTTColorFormatter.h */; settings = {ATTRIBUTES = (Public, ); }; };
		FE65C4821D1EF72C00A8AC9D /* TTTLocationFormatter.h in Headers */ = {isa = PBXBuildFile; fileRef = 5B08B6871CA6A0C3009541EC /* TTTLocationFormatter.h */; settings = {ATTRIBUTES = (Public, ); }; };
		FE65C4841D1EF72C00A8AC9D /* TTTOrdinalNumberFormatter.h in Headers */ = {isa = PBXBuildFile; fileRef = 5B08B68B1CA6A0C3009541EC /* TTTOrdinalNumberFormatter.h */; settings = {ATTRIBUTES = (Public, ); }; };
		FE65C4851D1EF72C00A8AC9D /* TTTTimeIntervalFormatter.h in Headers */ = {isa = PBXBuildFile; fileRef = 5B08B68D1CA6A0C3009541EC /* TTTTimeIntervalFormatter.h */; settings = {ATTRIBUTES = (Public, ); }; };
		FE65C4861D1EF72C00A8AC9D /* TTTUnitOfInformationFormatter.h in Headers */ = {isa = PBXBuildFile; fileRef = 5B08B68F1CA6A0C3009541EC /* TTTUnitOfInformationFormatter.h */; settings = {ATTRIBUTES = (Public, ); }; };
		FE65C4871D1EF72C00A8AC9D /* TTTURLRequestFormatter.h in Headers */ = {isa = PBXBuildFile; fileRef = 5B08B6911CA6A0C3009541EC /* TTTURLRequestFormatter.h */; settings = {ATTRIBUTES = (Public, ); }; };
		FE65C4891D1EF8B900A8AC9D /* TTTAddressFormatter.h in Headers */ = {isa = PBXBuildFile; fileRef = 5B08B6811CA6A0C3009541EC /* TTTAddressFormatter.h */; settings = {ATTRIBUTES = (Public, ); }; };
		FE65C48A1D1F066700A8AC9D /* TTTNameFormatter.m in Sources */ = {isa = PBXBuildFile; fileRef = 5B08B68A1CA6A0C3009541EC /* TTTNameFormatter.m */; };
		FE65C48B1D1F066A00A8AC9D /* TTTAddressFormatter.m in Sources */ = {isa = PBXBuildFile; fileRef = 5B08B6821CA6A0C3009541EC /* TTTAddressFormatter.m */; };
		FE65C48C1D1F066F00A8AC9D /* TTTNameFormatter.h in Headers */ = {isa = PBXBuildFile; fileRef = 5B08B6891CA6A0C3009541EC /* TTTNameFormatter.h */; settings = {ATTRIBUTES = (Public, ); }; };
/* End PBXBuildFile section */

/* Begin PBXFileReference section */
		50B7E6B11D706201006BEE5C /* NSBundle+FormatterKit.h */ = {isa = PBXFileReference; fileEncoding = 4; lastKnownFileType = sourcecode.c.h; path = "NSBundle+FormatterKit.h"; sourceTree = "<group>"; };
		50B7E6B21D706201006BEE5C /* NSBundle+FormatterKit.m */ = {isa = PBXFileReference; fileEncoding = 4; lastKnownFileType = sourcecode.c.objc; path = "NSBundle+FormatterKit.m"; sourceTree = "<group>"; };
		50B8F3131D75BF7700384040 /* FormatterKit.bundle */ = {isa = PBXFileReference; lastKnownFileType = "wrapper.plug-in"; path = FormatterKit.bundle; sourceTree = "<group>"; };
		5B08B6691CA69F99009541EC /* FormatterKit.framework */ = {isa = PBXFileReference; explicitFileType = wrapper.framework; includeInIndex = 0; path = FormatterKit.framework; sourceTree = BUILT_PRODUCTS_DIR; };
		5B08B66C1CA69F99009541EC /* FormatterKit.h */ = {isa = PBXFileReference; lastKnownFileType = sourcecode.c.h; path = FormatterKit.h; sourceTree = "<group>"; };
		5B08B66E1CA69F99009541EC /* Info.plist */ = {isa = PBXFileReference; lastKnownFileType = text.plist.xml; path = Info.plist; sourceTree = "<group>"; };
		5B08B6791CA6A078009541EC /* FormatterKit.framework */ = {isa = PBXFileReference; explicitFileType = wrapper.framework; includeInIndex = 0; path = FormatterKit.framework; sourceTree = BUILT_PRODUCTS_DIR; };
		5B08B6811CA6A0C3009541EC /* TTTAddressFormatter.h */ = {isa = PBXFileReference; fileEncoding = 4; lastKnownFileType = sourcecode.c.h; path = TTTAddressFormatter.h; sourceTree = "<group>"; };
		5B08B6821CA6A0C3009541EC /* TTTAddressFormatter.m */ = {isa = PBXFileReference; fileEncoding = 4; lastKnownFileType = sourcecode.c.objc; path = TTTAddressFormatter.m; sourceTree = "<group>"; };
		5B08B6831CA6A0C3009541EC /* TTTArrayFormatter.h */ = {isa = PBXFileReference; fileEncoding = 4; lastKnownFileType = sourcecode.c.h; path = TTTArrayFormatter.h; sourceTree = "<group>"; };
		5B08B6841CA6A0C3009541EC /* TTTArrayFormatter.m */ = {isa = PBXFileReference; fileEncoding = 4; lastKnownFileType = sourcecode.c.objc; path = TTTArrayFormatter.m; sourceTree = "<group>"; };
		5B08B6851CA6A0C3009541EC /* TTTColorFormatter.h */ = {isa = PBXFileReference; fileEncoding = 4; lastKnownFileType = sourcecode.c.h; path = TTTColorFormatter.h; sourceTree = "<group>"; };
		5B08B6861CA6A0C3009541EC /* TTTColorFormatter.m */ = {isa = PBXFileReference; fileEncoding = 4; lastKnownFileType = sourcecode.c.objc; path = TTTColorFormatter.m; sourceTree = "<group>"; };
		5B08B6871CA6A0C3009541EC /* TTTLocationFormatter.h */ = {isa = PBXFileReference; fileEncoding = 4; lastKnownFileType = sourcecode.c.h; path = TTTLocationFormatter.h; sourceTree = "<group>"; };
		5B08B6881CA6A0C3009541EC /* TTTLocationFormatter.m */ = {isa = PBXFileReference; fileEncoding = 4; lastKnownFileType = sourcecode.c.objc; path = TTTLocationFormatter.m; sourceTree = "<group>"; };
		5B08B6891CA6A0C3009541EC /* TTTNameFormatter.h */ = {isa = PBXFileReference; fileEncoding = 4; lastKnownFileType = sourcecode.c.h; path = TTTNameFormatter.h; sourceTree = "<group>"; };
		5B08B68A1CA6A0C3009541EC /* TTTNameFormatter.m */ = {isa = PBXFileReference; fileEncoding = 4; lastKnownFileType = sourcecode.c.objc; path = TTTNameFormatter.m; sourceTree = "<group>"; };
		5B08B68B1CA6A0C3009541EC /* TTTOrdinalNumberFormatter.h */ = {isa = PBXFileReference; fileEncoding = 4; lastKnownFileType = sourcecode.c.h; path = TTTOrdinalNumberFormatter.h; sourceTree = "<group>"; };
		5B08B68C1CA6A0C3009541EC /* TTTOrdinalNumberFormatter.m */ = {isa = PBXFileReference; fileEncoding = 4; lastKnownFileType = sourcecode.c.objc; path = TTTOrdinalNumberFormatter.m; sourceTree = "<group>"; };
		5B08B68D1CA6A0C3009541EC /* TTTTimeIntervalFormatter.h */ = {isa = PBXFileReference; fileEncoding = 4; lastKnownFileType = sourcecode.c.h; path = TTTTimeIntervalFormatter.h; sourceTree = "<group>"; };
		5B08B68E1CA6A0C3009541EC /* TTTTimeIntervalFormatter.m */ = {isa = PBXFileReference; fileEncoding = 4; lastKnownFileType = sourcecode.c.objc; path = TTTTimeIntervalFormatter.m; sourceTree = "<group>"; };
		5B08B68F1CA6A0C3009541EC /* TTTUnitOfInformationFormatter.h */ = {isa = PBXFileReference; fileEncoding = 4; lastKnownFileType = sourcecode.c.h; path = TTTUnitOfInformationFormatter.h; sourceTree = "<group>"; };
		5B08B6901CA6A0C3009541EC /* TTTUnitOfInformationFormatter.m */ = {isa = PBXFileReference; fileEncoding = 4; lastKnownFileType = sourcecode.c.objc; path = TTTUnitOfInformationFormatter.m; sourceTree = "<group>"; };
		5B08B6911CA6A0C3009541EC /* TTTURLRequestFormatter.h */ = {isa = PBXFileReference; fileEncoding = 4; lastKnownFileType = sourcecode.c.h; path = TTTURLRequestFormatter.h; sourceTree = "<group>"; };
		5B08B6921CA6A0C3009541EC /* TTTURLRequestFormatter.m */ = {isa = PBXFileReference; fileEncoding = 4; lastKnownFileType = sourcecode.c.objc; path = TTTURLRequestFormatter.m; sourceTree = "<group>"; };
		FE4100BC1D4995EE0059B762 /* FormatterKit.framework */ = {isa = PBXFileReference; explicitFileType = wrapper.framework; includeInIndex = 0; path = FormatterKit.framework; sourceTree = BUILT_PRODUCTS_DIR; };
		FE65C46D1D1EF59200A8AC9D /* FormatterKit.framework */ = {isa = PBXFileReference; explicitFileType = wrapper.framework; includeInIndex = 0; path = FormatterKit.framework; sourceTree = BUILT_PRODUCTS_DIR; };
/* End PBXFileReference section */

/* Begin PBXFrameworksBuildPhase section */
		5B08B6651CA69F99009541EC /* Frameworks */ = {
			isa = PBXFrameworksBuildPhase;
			buildActionMask = 2147483647;
			files = (
			);
			runOnlyForDeploymentPostprocessing = 0;
		};
		5B08B6751CA6A078009541EC /* Frameworks */ = {
			isa = PBXFrameworksBuildPhase;
			buildActionMask = 2147483647;
			files = (
			);
			runOnlyForDeploymentPostprocessing = 0;
		};
		FE4100B81D4995EE0059B762 /* Frameworks */ = {
			isa = PBXFrameworksBuildPhase;
			buildActionMask = 2147483647;
			files = (
			);
			runOnlyForDeploymentPostprocessing = 0;
		};
		FE65C4691D1EF59200A8AC9D /* Frameworks */ = {
			isa = PBXFrameworksBuildPhase;
			buildActionMask = 2147483647;
			files = (
			);
			runOnlyForDeploymentPostprocessing = 0;
		};
/* End PBXFrameworksBuildPhase section */

/* Begin PBXGroup section */
		5B08B65F1CA69F99009541EC = {
			isa = PBXGroup;
			children = (
				5B08B66B1CA69F99009541EC /* FormatterKit */,
				5B08B66A1CA69F99009541EC /* Products */,
			);
			sourceTree = "<group>";
		};
		5B08B66A1CA69F99009541EC /* Products */ = {
			isa = PBXGroup;
			children = (
				5B08B6691CA69F99009541EC /* FormatterKit.framework */,
				5B08B6791CA6A078009541EC /* FormatterKit.framework */,
				FE65C46D1D1EF59200A8AC9D /* FormatterKit.framework */,
				FE4100BC1D4995EE0059B762 /* FormatterKit.framework */,
			);
			name = Products;
			sourceTree = "<group>";
		};
		5B08B66B1CA69F99009541EC /* FormatterKit */ = {
			isa = PBXGroup;
			children = (
				50B8F3131D75BF7700384040 /* FormatterKit.bundle */,
				5B08B66C1CA69F99009541EC /* FormatterKit.h */,
				5B08B66E1CA69F99009541EC /* Info.plist */,
				50B7E6B11D706201006BEE5C /* NSBundle+FormatterKit.h */,
				50B7E6B21D706201006BEE5C /* NSBundle+FormatterKit.m */,
				5B08B6811CA6A0C3009541EC /* TTTAddressFormatter.h */,
				5B08B6821CA6A0C3009541EC /* TTTAddressFormatter.m */,
				5B08B6831CA6A0C3009541EC /* TTTArrayFormatter.h */,
				5B08B6841CA6A0C3009541EC /* TTTArrayFormatter.m */,
				5B08B6851CA6A0C3009541EC /* TTTColorFormatter.h */,
				5B08B6861CA6A0C3009541EC /* TTTColorFormatter.m */,
				5B08B6871CA6A0C3009541EC /* TTTLocationFormatter.h */,
				5B08B6881CA6A0C3009541EC /* TTTLocationFormatter.m */,
				5B08B6891CA6A0C3009541EC /* TTTNameFormatter.h */,
				5B08B68A1CA6A0C3009541EC /* TTTNameFormatter.m */,
				5B08B68B1CA6A0C3009541EC /* TTTOrdinalNumberFormatter.h */,
				5B08B68C1CA6A0C3009541EC /* TTTOrdinalNumberFormatter.m */,
				5B08B68D1CA6A0C3009541EC /* TTTTimeIntervalFormatter.h */,
				5B08B68E1CA6A0C3009541EC /* TTTTimeIntervalFormatter.m */,
				5B08B68F1CA6A0C3009541EC /* TTTUnitOfInformationFormatter.h */,
				5B08B6901CA6A0C3009541EC /* TTTUnitOfInformationFormatter.m */,
				5B08B6911CA6A0C3009541EC /* TTTURLRequestFormatter.h */,
				5B08B6921CA6A0C3009541EC /* TTTURLRequestFormatter.m */,
			);
			path = FormatterKit;
			sourceTree = "<group>";
		};
/* End PBXGroup section */

/* Begin PBXHeadersBuildPhase section */
		5B08B6661CA69F99009541EC /* Headers */ = {
			isa = PBXHeadersBuildPhase;
			buildActionMask = 2147483647;
			files = (
				5B08B69B1CA6A0C3009541EC /* TTTColorFormatter.h in Headers */,
				5B08B6A31CA6A0C3009541EC /* TTTNameFormatter.h in Headers */,
				5B08B6A71CA6A0C3009541EC /* TTTOrdinalNumberFormatter.h in Headers */,
				5B08B66D1CA69F99009541EC /* FormatterKit.h in Headers */,
				5B08B6B31CA6A0C3009541EC /* TTTURLRequestFormatter.h in Headers */,
				5B08B6AB1CA6A0C3009541EC /* TTTTimeIntervalFormatter.h in Headers */,
				5B08B69F1CA6A0C3009541EC /* TTTLocationFormatter.h in Headers */,
				5B08B6931CA6A0C3009541EC /* TTTAddressFormatter.h in Headers */,
				5B08B6AF1CA6A0C3009541EC /* TTTUnitOfInformationFormatter.h in Headers */,
				5B08B6971CA6A0C3009541EC /* TTTArrayFormatter.h in Headers */,
				50B7E6B31D706201006BEE5C /* NSBundle+FormatterKit.h in Headers */,
			);
			runOnlyForDeploymentPostprocessing = 0;
		};
		5B08B6761CA6A078009541EC /* Headers */ = {
			isa = PBXHeadersBuildPhase;
			buildActionMask = 2147483647;
			files = (
				5B08B6B71CA6A26A009541EC /* FormatterKit.h in Headers */,
				5B08B6B01CA6A0C3009541EC /* TTTUnitOfInformationFormatter.h in Headers */,
				5B08B6AC1CA6A0C3009541EC /* TTTTimeIntervalFormatter.h in Headers */,
				5B08B6981CA6A0C3009541EC /* TTTArrayFormatter.h in Headers */,
				5B08B6A41CA6A0C3009541EC /* TTTNameFormatter.h in Headers */,
				5B08B6B41CA6A0C3009541EC /* TTTURLRequestFormatter.h in Headers */,
				5B08B6A01CA6A0C3009541EC /* TTTLocationFormatter.h in Headers */,
				5B08B6A81CA6A0C3009541EC /* TTTOrdinalNumberFormatter.h in Headers */,
				5B08B6941CA6A0C3009541EC /* TTTAddressFormatter.h in Headers */,
				5B08B69C1CA6A0C3009541EC /* TTTColorFormatter.h in Headers */,
				50B7E6B41D706201006BEE5C /* NSBundle+FormatterKit.h in Headers */,
			);
			runOnlyForDeploymentPostprocessing = 0;
		};
		FE4100B91D4995EE0059B762 /* Headers */ = {
			isa = PBXHeadersBuildPhase;
			buildActionMask = 2147483647;
			files = (
				FE4100C71D4996140059B762 /* TTTColorFormatter.h in Headers */,
				FE4100C91D4996140059B762 /* TTTNameFormatter.h in Headers */,
				FE4100CA1D4996140059B762 /* TTTOrdinalNumberFormatter.h in Headers */,
				FE4100C41D4996140059B762 /* FormatterKit.h in Headers */,
				FE4100CD1D4996140059B762 /* TTTURLRequestFormatter.h in Headers */,
				FE4100CB1D4996140059B762 /* TTTTimeIntervalFormatter.h in Headers */,
				FE4100C81D4996140059B762 /* TTTLocationFormatter.h in Headers */,
				FE4100C51D4996140059B762 /* TTTAddressFormatter.h in Headers */,
				FE4100CC1D4996140059B762 /* TTTUnitOfInformationFormatter.h in Headers */,
				FE4100C61D4996140059B762 /* TTTArrayFormatter.h in Headers */,
				50B7E6B61D706201006BEE5C /* NSBundle+FormatterKit.h in Headers */,
			);
			runOnlyForDeploymentPostprocessing = 0;
		};
		FE65C46A1D1EF59200A8AC9D /* Headers */ = {
			isa = PBXHeadersBuildPhase;
			buildActionMask = 2147483647;
			files = (
				FE65C4811D1EF72C00A8AC9D /* TTTColorFormatter.h in Headers */,
				FE65C48C1D1F066F00A8AC9D /* TTTNameFormatter.h in Headers */,
				FE65C4841D1EF72C00A8AC9D /* TTTOrdinalNumberFormatter.h in Headers */,
				FE65C4751D1EF6FE00A8AC9D /* FormatterKit.h in Headers */,
				FE65C4871D1EF72C00A8AC9D /* TTTURLRequestFormatter.h in Headers */,
				FE65C4851D1EF72C00A8AC9D /* TTTTimeIntervalFormatter.h in Headers */,
				FE65C4821D1EF72C00A8AC9D /* TTTLocationFormatter.h in Headers */,
				FE65C4891D1EF8B900A8AC9D /* TTTAddressFormatter.h in Headers */,
				FE65C4861D1EF72C00A8AC9D /* TTTUnitOfInformationFormatter.h in Headers */,
				FE65C4781D1EF70E00A8AC9D /* TTTArrayFormatter.h in Headers */,
				50B7E6B51D706201006BEE5C /* NSBundle+FormatterKit.h in Headers */,
			);
			runOnlyForDeploymentPostprocessing = 0;
		};
/* End PBXHeadersBuildPhase section */

/* Begin PBXNativeTarget section */
		5B08B6681CA69F99009541EC /* FormatterKit-iOS */ = {
			isa = PBXNativeTarget;
			buildConfigurationList = 5B08B6711CA69F99009541EC /* Build configuration list for PBXNativeTarget "FormatterKit-iOS" */;
			buildPhases = (
				5B08B6641CA69F99009541EC /* Sources */,
				5B08B6651CA69F99009541EC /* Frameworks */,
				5B08B6661CA69F99009541EC /* Headers */,
				5B08B6671CA69F99009541EC /* Resources */,
			);
			buildRules = (
			);
			dependencies = (
			);
			name = "FormatterKit-iOS";
			productName = FormatterKit;
			productReference = 5B08B6691CA69F99009541EC /* FormatterKit.framework */;
			productType = "com.apple.product-type.framework";
		};
		5B08B6781CA6A078009541EC /* FormatterKit-OSX */ = {
			isa = PBXNativeTarget;
			buildConfigurationList = 5B08B67E1CA6A078009541EC /* Build configuration list for PBXNativeTarget "FormatterKit-OSX" */;
			buildPhases = (
				5B08B6741CA6A078009541EC /* Sources */,
				5B08B6751CA6A078009541EC /* Frameworks */,
				5B08B6761CA6A078009541EC /* Headers */,
				5B08B6771CA6A078009541EC /* Resources */,
			);
			buildRules = (
			);
			dependencies = (
			);
			name = "FormatterKit-OSX";
			productName = "FormatterKit-OSX";
			productReference = 5B08B6791CA6A078009541EC /* FormatterKit.framework */;
			productType = "com.apple.product-type.framework";
		};
		FE4100BB1D4995EE0059B762 /* FormatterKit-tvOS */ = {
			isa = PBXNativeTarget;
			buildConfigurationList = FE4100C31D4995EE0059B762 /* Build configuration list for PBXNativeTarget "FormatterKit-tvOS" */;
			buildPhases = (
				FE4100B71D4995EE0059B762 /* Sources */,
				FE4100B81D4995EE0059B762 /* Frameworks */,
				FE4100B91D4995EE0059B762 /* Headers */,
				FE4100BA1D4995EE0059B762 /* Resources */,
			);
			buildRules = (
			);
			dependencies = (
			);
			name = "FormatterKit-tvOS";
			productName = "FormatterKit-tvOS";
			productReference = FE4100BC1D4995EE0059B762 /* FormatterKit.framework */;
			productType = "com.apple.product-type.framework";
		};
		FE65C46C1D1EF59200A8AC9D /* FormatterKit-watchOS */ = {
			isa = PBXNativeTarget;
			buildConfigurationList = FE65C4741D1EF59200A8AC9D /* Build configuration list for PBXNativeTarget "FormatterKit-watchOS" */;
			buildPhases = (
				FE65C4681D1EF59200A8AC9D /* Sources */,
				FE65C4691D1EF59200A8AC9D /* Frameworks */,
				FE65C46A1D1EF59200A8AC9D /* Headers */,
				FE65C46B1D1EF59200A8AC9D /* Resources */,
			);
			buildRules = (
			);
			dependencies = (
			);
			name = "FormatterKit-watchOS";
			productName = "FormatterKit-watchOS";
			productReference = FE65C46D1D1EF59200A8AC9D /* FormatterKit.framework */;
			productType = "com.apple.product-type.framework";
		};
/* End PBXNativeTarget section */

/* Begin PBXProject section */
		5B08B6601CA69F99009541EC /* Project object */ = {
			isa = PBXProject;
			attributes = {
				LastUpgradeCheck = 0800;
				ORGANIZATIONNAME = FormatterKit;
				TargetAttributes = {
					5B08B6681CA69F99009541EC = {
						CreatedOnToolsVersion = 7.3;
						LastSwiftMigration = 0800;
					};
					5B08B6781CA6A078009541EC = {
						CreatedOnToolsVersion = 7.3;
					};
					FE4100BB1D4995EE0059B762 = {
						CreatedOnToolsVersion = 7.3.1;
					};
					FE65C46C1D1EF59200A8AC9D = {
						CreatedOnToolsVersion = 7.3.1;
					};
				};
			};
			buildConfigurationList = 5B08B6631CA69F99009541EC /* Build configuration list for PBXProject "FormatterKit" */;
			compatibilityVersion = "Xcode 3.2";
			developmentRegion = English;
			hasScannedForEncodings = 0;
			knownRegions = (
				en,
				ar,
				ca,
				cs,
				da,
				de,
				el,
				es,
				fr,
				he,
				id,
				it,
				ja,
				ko,
				nb,
				nl,
				nn,
				pl,
				pt,
				pt_BR,
				ro,
				ru,
				sv,
				th,
				tr,
				uk,
				vi,
				"zh-Hans",
				"zh-Hant",
				hu,
				ms,
			);
			mainGroup = 5B08B65F1CA69F99009541EC;
			productRefGroup = 5B08B66A1CA69F99009541EC /* Products */;
			projectDirPath = "";
			projectRoot = "";
			targets = (
				5B08B6681CA69F99009541EC /* FormatterKit-iOS */,
				5B08B6781CA6A078009541EC /* FormatterKit-OSX */,
				FE65C46C1D1EF59200A8AC9D /* FormatterKit-watchOS */,
				FE4100BB1D4995EE0059B762 /* FormatterKit-tvOS */,
			);
		};
/* End PBXProject section */

/* Begin PBXResourcesBuildPhase section */
		5B08B6671CA69F99009541EC /* Resources */ = {
			isa = PBXResourcesBuildPhase;
			buildActionMask = 2147483647;
			files = (
				50B8F3141D75BF7700384040 /* FormatterKit.bundle in Resources */,
			);
			runOnlyForDeploymentPostprocessing = 0;
		};
		5B08B6771CA6A078009541EC /* Resources */ = {
			isa = PBXResourcesBuildPhase;
			buildActionMask = 2147483647;
			files = (
				50B8F3151D75BF7700384040 /* FormatterKit.bundle in Resources */,
			);
			runOnlyForDeploymentPostprocessing = 0;
		};
		FE4100BA1D4995EE0059B762 /* Resources */ = {
			isa = PBXResourcesBuildPhase;
			buildActionMask = 2147483647;
			files = (
				50B8F3171D75BF7700384040 /* FormatterKit.bundle in Resources */,
			);
			runOnlyForDeploymentPostprocessing = 0;
		};
		FE65C46B1D1EF59200A8AC9D /* Resources */ = {
			isa = PBXResourcesBuildPhase;
			buildActionMask = 2147483647;
			files = (
				50B8F3161D75BF7700384040 /* FormatterKit.bundle in Resources */,
			);
			runOnlyForDeploymentPostprocessing = 0;
		};
/* End PBXResourcesBuildPhase section */

/* Begin PBXSourcesBuildPhase section */
		5B08B6641CA69F99009541EC /* Sources */ = {
			isa = PBXSourcesBuildPhase;
			buildActionMask = 2147483647;
			files = (
				5B08B6A91CA6A0C3009541EC /* TTTOrdinalNumberFormatter.m in Sources */,
				5B08B6951CA6A0C3009541EC /* TTTAddressFormatter.m in Sources */,
				5B08B6A51CA6A0C3009541EC /* TTTNameFormatter.m in Sources */,
				5B08B6991CA6A0C3009541EC /* TTTArrayFormatter.m in Sources */,
				50B7E6B71D706201006BEE5C /* NSBundle+FormatterKit.m in Sources */,
				5B08B6AD1CA6A0C3009541EC /* TTTTimeIntervalFormatter.m in Sources */,
				5B08B6B51CA6A0C3009541EC /* TTTURLRequestFormatter.m in Sources */,
				5B08B6B11CA6A0C3009541EC /* TTTUnitOfInformationFormatter.m in Sources */,
				5B08B6A11CA6A0C3009541EC /* TTTLocationFormatter.m in Sources */,
				5B08B69D1CA6A0C3009541EC /* TTTColorFormatter.m in Sources */,
			);
			runOnlyForDeploymentPostprocessing = 0;
		};
		5B08B6741CA6A078009541EC /* Sources */ = {
			isa = PBXSourcesBuildPhase;
			buildActionMask = 2147483647;
			files = (
				5B08B6AA1CA6A0C3009541EC /* TTTOrdinalNumberFormatter.m in Sources */,
				5B08B6961CA6A0C3009541EC /* TTTAddressFormatter.m in Sources */,
				5B08B6A61CA6A0C3009541EC /* TTTNameFormatter.m in Sources */,
				5B08B69A1CA6A0C3009541EC /* TTTArrayFormatter.m in Sources */,
				50B7E6B81D706201006BEE5C /* NSBundle+FormatterKit.m in Sources */,
				5B08B6AE1CA6A0C3009541EC /* TTTTimeIntervalFormatter.m in Sources */,
				5B08B6B61CA6A0C3009541EC /* TTTURLRequestFormatter.m in Sources */,
				5B08B6B21CA6A0C3009541EC /* TTTUnitOfInformationFormatter.m in Sources */,
				5B08B6A21CA6A0C3009541EC /* TTTLocationFormatter.m in Sources */,
				5B08B69E1CA6A0C3009541EC /* TTTColorFormatter.m in Sources */,
			);
			runOnlyForDeploymentPostprocessing = 0;
		};
		FE4100B71D4995EE0059B762 /* Sources */ = {
			isa = PBXSourcesBuildPhase;
			buildActionMask = 2147483647;
			files = (
				FE4100D31D4996310059B762 /* TTTOrdinalNumberFormatter.m in Sources */,
				FE4100CE1D4996310059B762 /* TTTAddressFormatter.m in Sources */,
				FE4100D21D4996310059B762 /* TTTNameFormatter.m in Sources */,
				FE4100CF1D4996310059B762 /* TTTArrayFormatter.m in Sources */,
				50B7E6BA1D706201006BEE5C /* NSBundle+FormatterKit.m in Sources */,
				FE4100D41D4996310059B762 /* TTTTimeIntervalFormatter.m in Sources */,
				FE4100D61D4996310059B762 /* TTTURLRequestFormatter.m in Sources */,
				FE4100D51D4996310059B762 /* TTTUnitOfInformationFormatter.m in Sources */,
				FE4100D11D4996310059B762 /* TTTLocationFormatter.m in Sources */,
				FE4100D01D4996310059B762 /* TTTColorFormatter.m in Sources */,
			);
			runOnlyForDeploymentPostprocessing = 0;
		};
		FE65C4681D1EF59200A8AC9D /* Sources */ = {
			isa = PBXSourcesBuildPhase;
			buildActionMask = 2147483647;
			files = (
				FE65C47D1D1EF72100A8AC9D /* TTTOrdinalNumberFormatter.m in Sources */,
				FE65C4791D1EF71400A8AC9D /* TTTArrayFormatter.m in Sources */,
				FE65C47E1D1EF72100A8AC9D /* TTTTimeIntervalFormatter.m in Sources */,
				FE65C4801D1EF72100A8AC9D /* TTTURLRequestFormatter.m in Sources */,
				50B7E6B91D706201006BEE5C /* NSBundle+FormatterKit.m in Sources */,
				FE65C47F1D1EF72100A8AC9D /* TTTUnitOfInformationFormatter.m in Sources */,
				FE65C47B1D1EF72100A8AC9D /* TTTLocationFormatter.m in Sources */,
				FE65C48B1D1F066A00A8AC9D /* TTTAddressFormatter.m in Sources */,
				FE65C48A1D1F066700A8AC9D /* TTTNameFormatter.m in Sources */,
				FE65C47A1D1EF72100A8AC9D /* TTTColorFormatter.m in Sources */,
			);
			runOnlyForDeploymentPostprocessing = 0;
		};
/* End PBXSourcesBuildPhase section */

/* Begin XCBuildConfiguration section */
		5B08B66F1CA69F99009541EC /* Debug */ = {
			isa = XCBuildConfiguration;
			buildSettings = {
				ALWAYS_SEARCH_USER_PATHS = NO;
				CLANG_ANALYZER_LOCALIZABILITY_NONLOCALIZED = YES;
				CLANG_ANALYZER_NONNULL = YES;
				CLANG_CXX_LANGUAGE_STANDARD = "gnu++0x";
				CLANG_CXX_LIBRARY = "libc++";
				CLANG_ENABLE_MODULES = YES;
				CLANG_ENABLE_OBJC_ARC = YES;
				CLANG_WARN_BOOL_CONVERSION = YES;
				CLANG_WARN_CONSTANT_CONVERSION = YES;
				CLANG_WARN_DIRECT_OBJC_ISA_USAGE = YES_ERROR;
				CLANG_WARN_EMPTY_BODY = YES;
				CLANG_WARN_ENUM_CONVERSION = YES;
				CLANG_WARN_INFINITE_RECURSION = YES;
				CLANG_WARN_INT_CONVERSION = YES;
				CLANG_WARN_OBJC_ROOT_CLASS = YES_ERROR;
				CLANG_WARN_SUSPICIOUS_MOVE = YES;
				CLANG_WARN_UNREACHABLE_CODE = YES;
				CLANG_WARN__DUPLICATE_METHOD_MATCH = YES;
				"CODE_SIGN_IDENTITY[sdk=iphoneos*]" = "iPhone Developer";
				COPY_PHASE_STRIP = NO;
				CURRENT_PROJECT_VERSION = 1.8.0;
				DEBUG_INFORMATION_FORMAT = dwarf;
				ENABLE_STRICT_OBJC_MSGSEND = YES;
				ENABLE_TESTABILITY = YES;
				GCC_C_LANGUAGE_STANDARD = gnu99;
				GCC_DYNAMIC_NO_PIC = NO;
				GCC_NO_COMMON_BLOCKS = YES;
				GCC_OPTIMIZATION_LEVEL = 0;
				GCC_PREPROCESSOR_DEFINITIONS = (
					"DEBUG=1",
					"$(inherited)",
				);
				GCC_WARN_64_TO_32_BIT_CONVERSION = YES;
				GCC_WARN_ABOUT_RETURN_TYPE = YES_ERROR;
				GCC_WARN_UNDECLARED_SELECTOR = YES;
				GCC_WARN_UNINITIALIZED_AUTOS = YES_AGGRESSIVE;
				GCC_WARN_UNUSED_FUNCTION = YES;
				GCC_WARN_UNUSED_VARIABLE = YES;
				IPHONEOS_DEPLOYMENT_TARGET = 9.3;
				MTL_ENABLE_DEBUG_INFO = YES;
				ONLY_ACTIVE_ARCH = YES;
				TARGETED_DEVICE_FAMILY = "1,2";
				TVOS_DEPLOYMENT_TARGET = 9.0;
				VERSIONING_SYSTEM = "apple-generic";
				VERSION_INFO_PREFIX = "";
				WATCHOS_DEPLOYMENT_TARGET = 2.0;
			};
			name = Debug;
		};
		5B08B6701CA69F99009541EC /* Release */ = {
			isa = XCBuildConfiguration;
			buildSettings = {
				ALWAYS_SEARCH_USER_PATHS = NO;
				CLANG_ANALYZER_LOCALIZABILITY_NONLOCALIZED = YES;
				CLANG_ANALYZER_NONNULL = YES;
				CLANG_CXX_LANGUAGE_STANDARD = "gnu++0x";
				CLANG_CXX_LIBRARY = "libc++";
				CLANG_ENABLE_MODULES = YES;
				CLANG_ENABLE_OBJC_ARC = YES;
				CLANG_WARN_BOOL_CONVERSION = YES;
				CLANG_WARN_CONSTANT_CONVERSION = YES;
				CLANG_WARN_DIRECT_OBJC_ISA_USAGE = YES_ERROR;
				CLANG_WARN_EMPTY_BODY = YES;
				CLANG_WARN_ENUM_CONVERSION = YES;
				CLANG_WARN_INFINITE_RECURSION = YES;
				CLANG_WARN_INT_CONVERSION = YES;
				CLANG_WARN_OBJC_ROOT_CLASS = YES_ERROR;
				CLANG_WARN_SUSPICIOUS_MOVE = YES;
				CLANG_WARN_UNREACHABLE_CODE = YES;
				CLANG_WARN__DUPLICATE_METHOD_MATCH = YES;
				"CODE_SIGN_IDENTITY[sdk=iphoneos*]" = "iPhone Developer";
				COPY_PHASE_STRIP = NO;
				CURRENT_PROJECT_VERSION = 1.8.0;
				DEBUG_INFORMATION_FORMAT = "dwarf-with-dsym";
				ENABLE_NS_ASSERTIONS = NO;
				ENABLE_STRICT_OBJC_MSGSEND = YES;
				GCC_C_LANGUAGE_STANDARD = gnu99;
				GCC_NO_COMMON_BLOCKS = YES;
				GCC_WARN_64_TO_32_BIT_CONVERSION = YES;
				GCC_WARN_ABOUT_RETURN_TYPE = YES_ERROR;
				GCC_WARN_UNDECLARED_SELECTOR = YES;
				GCC_WARN_UNINITIALIZED_AUTOS = YES_AGGRESSIVE;
				GCC_WARN_UNUSED_FUNCTION = YES;
				GCC_WARN_UNUSED_VARIABLE = YES;
				IPHONEOS_DEPLOYMENT_TARGET = 9.3;
				MTL_ENABLE_DEBUG_INFO = NO;
				TARGETED_DEVICE_FAMILY = "1,2";
				TVOS_DEPLOYMENT_TARGET = 9.0;
				VALIDATE_PRODUCT = YES;
				VERSIONING_SYSTEM = "apple-generic";
				VERSION_INFO_PREFIX = "";
				WATCHOS_DEPLOYMENT_TARGET = 2.0;
			};
			name = Release;
		};
		5B08B6721CA69F99009541EC /* Debug */ = {
			isa = XCBuildConfiguration;
			buildSettings = {
				"CODE_SIGN_IDENTITY[sdk=iphoneos*]" = "";
				DEFINES_MODULE = YES;
				DYLIB_COMPATIBILITY_VERSION = 1;
				DYLIB_CURRENT_VERSION = 1;
				DYLIB_INSTALL_NAME_BASE = "@rpath";
				INFOPLIST_FILE = FormatterKit/Info.plist;
				INSTALL_PATH = "$(LOCAL_LIBRARY_DIR)/Frameworks";
				IPHONEOS_DEPLOYMENT_TARGET = 8.0;
				LD_RUNPATH_SEARCH_PATHS = "$(inherited) @executable_path/Frameworks @loader_path/Frameworks";
				PRODUCT_BUNDLE_IDENTIFIER = "com.matt.FormatterKit.FormatterKit-iOS";
				PRODUCT_NAME = FormatterKit;
				SDKROOT = iphoneos;
				SKIP_INSTALL = YES;
				SWIFT_VERSION = 3.0;
			};
			name = Debug;
		};
		5B08B6731CA69F99009541EC /* Release */ = {
			isa = XCBuildConfiguration;
			buildSettings = {
				"CODE_SIGN_IDENTITY[sdk=iphoneos*]" = "";
				DEFINES_MODULE = YES;
				DYLIB_COMPATIBILITY_VERSION = 1;
				DYLIB_CURRENT_VERSION = 1;
				DYLIB_INSTALL_NAME_BASE = "@rpath";
				INFOPLIST_FILE = FormatterKit/Info.plist;
				INSTALL_PATH = "$(LOCAL_LIBRARY_DIR)/Frameworks";
				IPHONEOS_DEPLOYMENT_TARGET = 8.0;
				LD_RUNPATH_SEARCH_PATHS = "$(inherited) @executable_path/Frameworks @loader_path/Frameworks";
				PRODUCT_BUNDLE_IDENTIFIER = "com.matt.FormatterKit.FormatterKit-iOS";
				PRODUCT_NAME = FormatterKit;
				SDKROOT = iphoneos;
				SKIP_INSTALL = YES;
				SWIFT_VERSION = 3.0;
			};
			name = Release;
		};
		5B08B67F1CA6A078009541EC /* Debug */ = {
			isa = XCBuildConfiguration;
			buildSettings = {
				CODE_SIGN_IDENTITY = "";
				COMBINE_HIDPI_IMAGES = YES;
				DEFINES_MODULE = YES;
				DYLIB_COMPATIBILITY_VERSION = 1;
				DYLIB_CURRENT_VERSION = 1;
				DYLIB_INSTALL_NAME_BASE = "@rpath";
				FRAMEWORK_VERSION = A;
				INFOPLIST_FILE = "$(SRCROOT)/FormatterKit/Info.plist";
				INSTALL_PATH = "$(LOCAL_LIBRARY_DIR)/Frameworks";
				LD_RUNPATH_SEARCH_PATHS = "$(inherited) @executable_path/../Frameworks @loader_path/Frameworks";
				MACOSX_DEPLOYMENT_TARGET = 10.10;
				PRODUCT_BUNDLE_IDENTIFIER = "com.matt.FormatterKit.FormatterKit-OSX";
				PRODUCT_NAME = FormatterKit;
				SDKROOT = macosx;
				SKIP_INSTALL = YES;
			};
			name = Debug;
		};
		5B08B6801CA6A078009541EC /* Release */ = {
			isa = XCBuildConfiguration;
			buildSettings = {
				CODE_SIGN_IDENTITY = "";
				COMBINE_HIDPI_IMAGES = YES;
				DEFINES_MODULE = YES;
				DYLIB_COMPATIBILITY_VERSION = 1;
				DYLIB_CURRENT_VERSION = 1;
				DYLIB_INSTALL_NAME_BASE = "@rpath";
				FRAMEWORK_VERSION = A;
				INFOPLIST_FILE = "$(SRCROOT)/FormatterKit/Info.plist";
				INSTALL_PATH = "$(LOCAL_LIBRARY_DIR)/Frameworks";
				LD_RUNPATH_SEARCH_PATHS = "$(inherited) @executable_path/../Frameworks @loader_path/Frameworks";
				MACOSX_DEPLOYMENT_TARGET = 10.10;
				PRODUCT_BUNDLE_IDENTIFIER = "com.matt.FormatterKit.FormatterKit-OSX";
				PRODUCT_NAME = FormatterKit;
				SDKROOT = macosx;
				SKIP_INSTALL = YES;
			};
			name = Release;
		};
		FE4100C11D4995EE0059B762 /* Debug */ = {
			isa = XCBuildConfiguration;
			buildSettings = {
				"CODE_SIGN_IDENTITY[sdk=appletvos*]" = "";
				CURRENT_PROJECT_VERSION = 1;
				DEFINES_MODULE = YES;
				DYLIB_COMPATIBILITY_VERSION = 1;
				DYLIB_CURRENT_VERSION = 1;
				DYLIB_INSTALL_NAME_BASE = "@rpath";
				INFOPLIST_FILE = FormatterKit/Info.plist;
				INSTALL_PATH = "$(LOCAL_LIBRARY_DIR)/Frameworks";
				LD_RUNPATH_SEARCH_PATHS = "$(inherited) @executable_path/Frameworks @loader_path/Frameworks";
				PRODUCT_BUNDLE_IDENTIFIER = "com.matt.FormatterKit-tvOS";
				PRODUCT_NAME = FormatterKit;
				SDKROOT = appletvos;
				SKIP_INSTALL = YES;
				TARGETED_DEVICE_FAMILY = 3;
			};
			name = Debug;
		};
		FE4100C21D4995EE0059B762 /* Release */ = {
			isa = XCBuildConfiguration;
			buildSettings = {
				"CODE_SIGN_IDENTITY[sdk=appletvos*]" = "";
				CURRENT_PROJECT_VERSION = 1;
				DEFINES_MODULE = YES;
				DYLIB_COMPATIBILITY_VERSION = 1;
				DYLIB_CURRENT_VERSION = 1;
				DYLIB_INSTALL_NAME_BASE = "@rpath";
				INFOPLIST_FILE = FormatterKit/Info.plist;
				INSTALL_PATH = "$(LOCAL_LIBRARY_DIR)/Frameworks";
				LD_RUNPATH_SEARCH_PATHS = "$(inherited) @executable_path/Frameworks @loader_path/Frameworks";
				PRODUCT_BUNDLE_IDENTIFIER = "com.matt.FormatterKit-tvOS";
				PRODUCT_NAME = FormatterKit;
				SDKROOT = appletvos;
				SKIP_INSTALL = YES;
				TARGETED_DEVICE_FAMILY = 3;
			};
			name = Release;
		};
		FE65C4721D1EF59200A8AC9D /* Debug */ = {
			isa = XCBuildConfiguration;
			buildSettings = {
				APPLICATION_EXTENSION_API_ONLY = YES;
				"CODE_SIGN_IDENTITY[sdk=watchos*]" = "";
				CURRENT_PROJECT_VERSION = 1;
				DEFINES_MODULE = YES;
				DYLIB_COMPATIBILITY_VERSION = 1;
				DYLIB_CURRENT_VERSION = 1;
				DYLIB_INSTALL_NAME_BASE = "@rpath";
				INFOPLIST_FILE = FormatterKit/Info.plist;
				INSTALL_PATH = "$(LOCAL_LIBRARY_DIR)/Frameworks";
				LD_RUNPATH_SEARCH_PATHS = "$(inherited) @executable_path/Frameworks @loader_path/Frameworks";
				PRODUCT_BUNDLE_IDENTIFIER = "com.matt.FormatterKit.FormatterKit-watchOS";
				PRODUCT_NAME = FormatterKit;
				SDKROOT = watchos;
				SKIP_INSTALL = YES;
				TARGETED_DEVICE_FAMILY = 4;
			};
			name = Debug;
		};
		FE65C4731D1EF59200A8AC9D /* Release */ = {
			isa = XCBuildConfiguration;
			buildSettings = {
				APPLICATION_EXTENSION_API_ONLY = YES;
				"CODE_SIGN_IDENTITY[sdk=watchos*]" = "";
				CURRENT_PROJECT_VERSION = 1;
				DEFINES_MODULE = YES;
				DYLIB_COMPATIBILITY_VERSION = 1;
				DYLIB_CURRENT_VERSION = 1;
				DYLIB_INSTALL_NAME_BASE = "@rpath";
				INFOPLIST_FILE = FormatterKit/Info.plist;
				INSTALL_PATH = "$(LOCAL_LIBRARY_DIR)/Frameworks";
				LD_RUNPATH_SEARCH_PATHS = "$(inherited) @executable_path/Frameworks @loader_path/Frameworks";
				PRODUCT_BUNDLE_IDENTIFIER = "com.matt.FormatterKit.FormatterKit-watchOS";
				PRODUCT_NAME = FormatterKit;
				SDKROOT = watchos;
				SKIP_INSTALL = YES;
				TARGETED_DEVICE_FAMILY = 4;
			};
			name = Release;
		};
/* End XCBuildConfiguration section */

/* Begin XCConfigurationList section */
		5B08B6631CA69F99009541EC /* Build configuration list for PBXProject "FormatterKit" */ = {
			isa = XCConfigurationList;
			buildConfigurations = (
				5B08B66F1CA69F99009541EC /* Debug */,
				5B08B6701CA69F99009541EC /* Release */,
			);
			defaultConfigurationIsVisible = 0;
			defaultConfigurationName = Release;
		};
		5B08B6711CA69F99009541EC /* Build configuration list for PBXNativeTarget "FormatterKit-iOS" */ = {
			isa = XCConfigurationList;
			buildConfigurations = (
				5B08B6721CA69F99009541EC /* Debug */,
				5B08B6731CA69F99009541EC /* Release */,
			);
			defaultConfigurationIsVisible = 0;
			defaultConfigurationName = Release;
		};
		5B08B67E1CA6A078009541EC /* Build configuration list for PBXNativeTarget "FormatterKit-OSX" */ = {
			isa = XCConfigurationList;
			buildConfigurations = (
				5B08B67F1CA6A078009541EC /* Debug */,
				5B08B6801CA6A078009541EC /* Release */,
			);
			defaultConfigurationIsVisible = 0;
			defaultConfigurationName = Release;
		};
		FE4100C31D4995EE0059B762 /* Build configuration list for PBXNativeTarget "FormatterKit-tvOS" */ = {
			isa = XCConfigurationList;
			buildConfigurations = (
				FE4100C11D4995EE0059B762 /* Debug */,
				FE4100C21D4995EE0059B762 /* Release */,
			);
			defaultConfigurationIsVisible = 0;
			defaultConfigurationName = Release;
		};
		FE65C4741D1EF59200A8AC9D /* Build configuration list for PBXNativeTarget "FormatterKit-watchOS" */ = {
			isa = XCConfigurationList;
			buildConfigurations = (
				FE65C4721D1EF59200A8AC9D /* Debug */,
				FE65C4731D1EF59200A8AC9D /* Release */,
			);
			defaultConfigurationIsVisible = 0;
			defaultConfigurationName = Release;
		};
/* End XCConfigurationList section */
	};
	rootObject = 5B08B6601CA69F99009541EC /* Project object */;
}
