// !$*UTF8*$!
{
	archiveVersion = 1;
	classes = {
	};
	objectVersion = 46;
	objects = {

/* Begin PBXBuildFile section */
		500A26D71CF17DCD00243EF5 /* Strings.strings in Resources */ = {isa = PBXBuildFile; fileRef = 500A26D91CF17DCD00243EF5 /* Strings.strings */; };
		50A61F1B1CF177A60090270A /* main.m in Sources */ = {isa = PBXBuildFile; fileRef = 50A61F1A1CF177A60090270A /* main.m */; };
		50A61F1E1CF177A60090270A /* AppDelegate.m in Sources */ = {isa = PBXBuildFile; fileRef = 50A61F1D1CF177A60090270A /* AppDelegate.m */; };
		50A61F341CF177A60090270A /* ExampleTests.m in Sources */ = {isa = PBXBuildFile; fileRef = 50A61F331CF177A60090270A /* ExampleTests.m */; };
		50A61F431CF177E70090270A /* Default-568h@2x.png in Resources */ = {isa = PBXBuildFile; fileRef = 50A61F421CF177E70090270A /* Default-568h@2x.png */; };
/* End PBXBuildFile section */

/* Begin PBXContainerItemProxy section */
		50A61F301CF177A60090270A /* PBXContainerItemProxy */ = {
			isa = PBXContainerItemProxy;
			containerPortal = 50A61F0E1CF177A60090270A /* Project object */;
			proxyType = 1;
			remoteGlobalIDString = 50A61F151CF177A60090270A;
			remoteInfo = Example;
		};
/* End PBXContainerItemProxy section */

/* Begin PBXFileReference section */
		500A26D81CF17DCD00243EF5 /* en */ = {isa = PBXFileReference; lastKnownFileType = text.plist.strings; name = en; path = en.lproj/Strings.strings; sourceTree = "<group>"; };
		500A26DA1CF17DD800243EF5 /* de */ = {isa = PBXFileReference; lastKnownFileType = text.plist.strings; name = de; path = de.lproj/Strings.strings; sourceTree = "<group>"; };
		50A61F161CF177A60090270A /* Example.app */ = {isa = PBXFileReference; explicitFileType = wrapper.application; includeInIndex = 0; path = Example.app; sourceTree = BUILT_PRODUCTS_DIR; };
		50A61F1A1CF177A60090270A /* main.m */ = {isa = PBXFileReference; lastKnownFileType = sourcecode.c.objc; path = main.m; sourceTree = "<group>"; };
		50A61F1C1CF177A60090270A /* AppDelegate.h */ = {isa = PBXFileReference; lastKnownFileType = sourcecode.c.h; path = AppDelegate.h; sourceTree = "<group>"; };
		50A61F1D1CF177A60090270A /* AppDelegate.m */ = {isa = PBXFileReference; lastKnownFileType = sourcecode.c.objc; path = AppDelegate.m; sourceTree = "<group>"; };
		50A61F2A1CF177A60090270A /* Info.plist */ = {isa = PBXFileReference; lastKnownFileType = text.plist.xml; path = Info.plist; sourceTree = "<group>"; };
		50A61F2F1CF177A60090270A /* ExampleTests.xctest */ = {isa = PBXFileReference; explicitFileType = wrapper.cfbundle; includeInIndex = 0; path = ExampleTests.xctest; sourceTree = BUILT_PRODUCTS_DIR; };
		50A61F331CF177A60090270A /* ExampleTests.m */ = {isa = PBXFileReference; lastKnownFileType = sourcecode.c.objc; path = ExampleTests.m; sourceTree = "<group>"; };
		50A61F351CF177A60090270A /* Info.plist */ = {isa = PBXFileReference; lastKnownFileType = text.plist.xml; path = Info.plist; sourceTree = "<group>"; };
		50A61F421CF177E70090270A /* Default-568h@2x.png */ = {isa = PBXFileReference; lastKnownFileType = image.png; path = "Default-568h@2x.png"; sourceTree = "<group>"; };
/* End PBXFileReference section */

/* Begin PBXFrameworksBuildPhase section */
		50A61F131CF177A60090270A /* Frameworks */ = {
			isa = PBXFrameworksBuildPhase;
			buildActionMask = 2147483647;
			files = (
			);
			runOnlyForDeploymentPostprocessing = 0;
		};
		50A61F2C1CF177A60090270A /* Frameworks */ = {
			isa = PBXFrameworksBuildPhase;
			buildActionMask = 2147483647;
			files = (
			);
			runOnlyForDeploymentPostprocessing = 0;
		};
/* End PBXFrameworksBuildPhase section */

/* Begin PBXGroup section */
		50A61F0D1CF177A60090270A = {
			isa = PBXGroup;
			children = (
				50A61F181CF177A60090270A /* Example */,
				50A61F321CF177A60090270A /* ExampleTests */,
				50A61F171CF177A60090270A /* Products */,
			);
			sourceTree = "<group>";
		};
		50A61F171CF177A60090270A /* Products */ = {
			isa = PBXGroup;
			children = (
				50A61F161CF177A60090270A /* Example.app */,
				50A61F2F1CF177A60090270A /* ExampleTests.xctest */,
			);
			name = Products;
			sourceTree = "<group>";
		};
		50A61F181CF177A60090270A /* Example */ = {
			isa = PBXGroup;
			children = (
				50A61F1C1CF177A60090270A /* AppDelegate.h */,
				50A61F1D1CF177A60090270A /* AppDelegate.m */,
				50A61F421CF177E70090270A /* Default-568h@2x.png */,
				50A61F2A1CF177A60090270A /* Info.plist */,
				500A26D91CF17DCD00243EF5 /* Strings.strings */,
				50A61F191CF177A60090270A /* Supporting Files */,
			);
			path = Example;
			sourceTree = "<group>";
		};
		50A61F191CF177A60090270A /* Supporting Files */ = {
			isa = PBXGroup;
			children = (
				50A61F1A1CF177A60090270A /* main.m */,
			);
			name = "Supporting Files";
			sourceTree = "<group>";
		};
		50A61F321CF177A60090270A /* ExampleTests */ = {
			isa = PBXGroup;
			children = (
				50A61F331CF177A60090270A /* ExampleTests.m */,
				50A61F351CF177A60090270A /* Info.plist */,
			);
			path = ExampleTests;
			sourceTree = "<group>";
		};
/* End PBXGroup section */

/* Begin PBXNativeTarget section */
		50A61F151CF177A60090270A /* Example */ = {
			isa = PBXNativeTarget;
			buildConfigurationList = 50A61F381CF177A60090270A /* Build configuration list for PBXNativeTarget "Example" */;
			buildPhases = (
				50A61F121CF177A60090270A /* Sources */,
				50A61F131CF177A60090270A /* Frameworks */,
				50A61F141CF177A60090270A /* Resources */,
			);
			buildRules = (
			);
			dependencies = (
			);
			name = Example;
			productName = Example;
			productReference = 50A61F161CF177A60090270A /* Example.app */;
			productType = "com.apple.product-type.application";
		};
		50A61F2E1CF177A60090270A /* ExampleTests */ = {
			isa = PBXNativeTarget;
			buildConfigurationList = 50A61F3B1CF177A60090270A /* Build configuration list for PBXNativeTarget "ExampleTests" */;
			buildPhases = (
				50A61F2B1CF177A60090270A /* Sources */,
				50A61F2C1CF177A60090270A /* Frameworks */,
				50A61F2D1CF177A60090270A /* Resources */,
			);
			buildRules = (
			);
			dependencies = (
				50A61F311CF177A60090270A /* PBXTargetDependency */,
			);
			name = ExampleTests;
			productName = ExampleTests;
			productReference = 50A61F2F1CF177A60090270A /* ExampleTests.xctest */;
			productType = "com.apple.product-type.bundle.unit-test";
		};
/* End PBXNativeTarget section */

/* Begin PBXProject section */
		50A61F0E1CF177A60090270A /* Project object */ = {
			isa = PBXProject;
			attributes = {
				LastUpgradeCheck = 0800;
				ORGANIZATIONNAME = "Open Source";
				TargetAttributes = {
					50A61F151CF177A60090270A = {
						CreatedOnToolsVersion = 7.3.1;
					};
					50A61F2E1CF177A60090270A = {
						CreatedOnToolsVersion = 7.3.1;
						TestTargetID = 50A61F151CF177A60090270A;
					};
				};
			};
			buildConfigurationList = 50A61F111CF177A60090270A /* Build configuration list for PBXProject "Example" */;
			compatibilityVersion = "Xcode 3.2";
			developmentRegion = English;
			hasScannedForEncodings = 0;
			knownRegions = (
				en,
				Base,
				de,
			);
			mainGroup = 50A61F0D1CF177A60090270A;
			productRefGroup = 50A61F171CF177A60090270A /* Products */;
			projectDirPath = "";
			projectRoot = "";
			targets = (
				50A61F151CF177A60090270A /* Example */,
				50A61F2E1CF177A60090270A /* ExampleTests */,
			);
		};
/* End PBXProject section */

/* Begin PBXResourcesBuildPhase section */
		50A61F141CF177A60090270A /* Resources */ = {
			isa = PBXResourcesBuildPhase;
			buildActionMask = 2147483647;
			files = (
				500A26D71CF17DCD00243EF5 /* Strings.strings in Resources */,
				50A61F431CF177E70090270A /* Default-568h@2x.png in Resources */,
			);
			runOnlyForDeploymentPostprocessing = 0;
		};
		50A61F2D1CF177A60090270A /* Resources */ = {
			isa = PBXResourcesBuildPhase;
			buildActionMask = 2147483647;
			files = (
			);
			runOnlyForDeploymentPostprocessing = 0;
		};
/* End PBXResourcesBuildPhase section */

/* Begin PBXSourcesBuildPhase section */
		50A61F121CF177A60090270A /* Sources */ = {
			isa = PBXSourcesBuildPhase;
			buildActionMask = 2147483647;
			files = (
				50A61F1E1CF177A60090270A /* AppDelegate.m in Sources */,
				50A61F1B1CF177A60090270A /* main.m in Sources */,
			);
			runOnlyForDeploymentPostprocessing = 0;
		};
		50A61F2B1CF177A60090270A /* Sources */ = {
			isa = PBXSourcesBuildPhase;
			buildActionMask = 2147483647;
			files = (
				50A61F341CF177A60090270A /* ExampleTests.m in Sources */,
			);
			runOnlyForDeploymentPostprocessing = 0;
		};
/* End PBXSourcesBuildPhase section */

/* Begin PBXTargetDependency section */
		50A61F311CF177A60090270A /* PBXTargetDependency */ = {
			isa = PBXTargetDependency;
			target = 50A61F151CF177A60090270A /* Example */;
			targetProxy = 50A61F301CF177A60090270A /* PBXContainerItemProxy */;
		};
/* End PBXTargetDependency section */

/* Begin PBXVariantGroup section */
		500A26D91CF17DCD00243EF5 /* Strings.strings */ = {
			isa = PBXVariantGroup;
			children = (
				500A26D81CF17DCD00243EF5 /* en */,
				500A26DA1CF17DD800243EF5 /* de */,
			);
			name = Strings.strings;
			sourceTree = "<group>";
		};
/* End PBXVariantGroup section */

/* Begin XCBuildConfiguration section */
		50A61F361CF177A60090270A /* Debug */ = {
			isa = XCBuildConfiguration;
			buildSettings = {
				ALWAYS_SEARCH_USER_PATHS = NO;
				CLANG_ANALYZER_LOCALIZABILITY_NONLOCALIZED = YES;
				CLANG_ANALYZER_NONNULL = YES;
				CLANG_CXX_LANGUAGE_STANDARD = "gnu++0x";
				CLANG_CXX_LIBRARY = "libc++";
				CLANG_ENABLE_MODULES = YES;
				CLANG_ENABLE_OBJC_ARC = YES;
				CLANG_WARN_BOOL_CONVERSION = YES;
				CLANG_WARN_CONSTANT_CONVERSION = YES;
				CLANG_WARN_DIRECT_OBJC_ISA_USAGE = YES_ERROR;
				CLANG_WARN_EMPTY_BODY = YES;
				CLANG_WARN_ENUM_CONVERSION = YES;
				CLANG_WARN_INFINITE_RECURSION = YES;
				CLANG_WARN_INT_CONVERSION = YES;
				CLANG_WARN_OBJC_ROOT_CLASS = YES_ERROR;
				CLANG_WARN_SUSPICIOUS_MOVE = YES;
				CLANG_WARN_UNREACHABLE_CODE = YES;
				CLANG_WARN__DUPLICATE_METHOD_MATCH = YES;
				"CODE_SIGN_IDENTITY[sdk=iphoneos*]" = "iPhone Developer";
				COPY_PHASE_STRIP = NO;
				DEBUG_INFORMATION_FORMAT = dwarf;
				ENABLE_STRICT_OBJC_MSGSEND = YES;
				ENABLE_TESTABILITY = YES;
				GCC_C_LANGUAGE_STANDARD = gnu99;
				GCC_DYNAMIC_NO_PIC = NO;
				GCC_NO_COMMON_BLOCKS = YES;
				GCC_OPTIMIZATION_LEVEL = 0;
				GCC_PREPROCESSOR_DEFINITIONS = (
					"DEBUG=1",
					"$(inherited)",
				);
				GCC_WARN_64_TO_32_BIT_CONVERSION = YES;
				GCC_WARN_ABOUT_RETURN_TYPE = YES_ERROR;
				GCC_WARN_UNDECLARED_SELECTOR = YES;
				GCC_WARN_UNINITIALIZED_AUTOS = YES_AGGRESSIVE;
				GCC_WARN_UNUSED_FUNCTION = YES;
				GCC_WARN_UNUSED_VARIABLE = YES;
				IPHONEOS_DEPLOYMENT_TARGET = 9.3;
				MTL_ENABLE_DEBUG_INFO = YES;
				ONLY_ACTIVE_ARCH = YES;
				SDKROOT = iphoneos;
				TARGETED_DEVICE_FAMILY = "1,2";
			};
			name = Debug;
		};
		50A61F371CF177A60090270A /* Release */ = {
			isa = XCBuildConfiguration;
			buildSettings = {
				ALWAYS_SEARCH_USER_PATHS = NO;
				CLANG_ANALYZER_LOCALIZABILITY_NONLOCALIZED = YES;
				CLANG_ANALYZER_NONNULL = YES;
				CLANG_CXX_LANGUAGE_STANDARD = "gnu++0x";
				CLANG_CXX_LIBRARY = "libc++";
				CLANG_ENABLE_MODULES = YES;
				CLANG_ENABLE_OBJC_ARC = YES;
				CLANG_WARN_BOOL_CONVERSION = YES;
				CLANG_WARN_CONSTANT_CONVERSION = YES;
				CLANG_WARN_DIRECT_OBJC_ISA_USAGE = YES_ERROR;
				CLANG_WARN_EMPTY_BODY = YES;
				CLANG_WARN_ENUM_CONVERSION = YES;
				CLANG_WARN_INFINITE_RECURSION = YES;
				CLANG_WARN_INT_CONVERSION = YES;
				CLANG_WARN_OBJC_ROOT_CLASS = YES_ERROR;
				CLANG_WARN_SUSPICIOUS_MOVE = YES;
				CLANG_WARN_UNREACHABLE_CODE = YES;
				CLANG_WARN__DUPLICATE_METHOD_MATCH = YES;
				"CODE_SIGN_IDENTITY[sdk=iphoneos*]" = "iPhone Developer";
				COPY_PHASE_STRIP = NO;
				DEBUG_INFORMATION_FORMAT = "dwarf-with-dsym";
				ENABLE_NS_ASSERTIONS = NO;
				ENABLE_STRICT_OBJC_MSGSEND = YES;
				GCC_C_LANGUAGE_STANDARD = gnu99;
				GCC_NO_COMMON_BLOCKS = YES;
				GCC_WARN_64_TO_32_BIT_CONVERSION = YES;
				GCC_WARN_ABOUT_RETURN_TYPE = YES_ERROR;
				GCC_WARN_UNDECLARED_SELECTOR = YES;
				GCC_WARN_UNINITIALIZED_AUTOS = YES_AGGRESSIVE;
				GCC_WARN_UNUSED_FUNCTION = YES;
				GCC_WARN_UNUSED_VARIABLE = YES;
				IPHONEOS_DEPLOYMENT_TARGET = 9.3;
				MTL_ENABLE_DEBUG_INFO = NO;
				SDKROOT = iphoneos;
				TARGETED_DEVICE_FAMILY = "1,2";
				VALIDATE_PRODUCT = YES;
			};
			name = Release;
		};
		50A61F391CF177A60090270A /* Debug */ = {
			isa = XCBuildConfiguration;
			buildSettings = {
				INFOPLIST_FILE = Example/Info.plist;
				LD_RUNPATH_SEARCH_PATHS = "$(inherited) @executable_path/Frameworks";
				PRODUCT_BUNDLE_IDENTIFIER = com.example.Example;
				PRODUCT_NAME = "$(TARGET_NAME)";
			};
			name = Debug;
		};
		50A61F3A1CF177A60090270A /* Release */ = {
			isa = XCBuildConfiguration;
			buildSettings = {
				INFOPLIST_FILE = Example/Info.plist;
				LD_RUNPATH_SEARCH_PATHS = "$(inherited) @executable_path/Frameworks";
				PRODUCT_BUNDLE_IDENTIFIER = com.example.Example;
				PRODUCT_NAME = "$(TARGET_NAME)";
			};
			name = Release;
		};
		50A61F3C1CF177A60090270A /* Debug */ = {
			isa = XCBuildConfiguration;
			buildSettings = {
				BUNDLE_LOADER = "$(TEST_HOST)";
				INFOPLIST_FILE = ExampleTests/Info.plist;
				LD_RUNPATH_SEARCH_PATHS = "$(inherited) @executable_path/Frameworks @loader_path/Frameworks";
				PRODUCT_BUNDLE_IDENTIFIER = com.example.ExampleTests;
				PRODUCT_NAME = "$(TARGET_NAME)";
				TEST_HOST = "$(BUILT_PRODUCTS_DIR)/Example.app/Example";
			};
			name = Debug;
		};
		50A61F3D1CF177A60090270A /* Release */ = {
			isa = XCBuildConfiguration;
			buildSettings = {
				BUNDLE_LOADER = "$(TEST_HOST)";
				INFOPLIST_FILE = ExampleTests/Info.plist;
				LD_RUNPATH_SEARCH_PATHS = "$(inherited) @executable_path/Frameworks @loader_path/Frameworks";
				PRODUCT_BUNDLE_IDENTIFIER = com.example.ExampleTests;
				PRODUCT_NAME = "$(TARGET_NAME)";
				TEST_HOST = "$(BUILT_PRODUCTS_DIR)/Example.app/Example";
			};
			name = Release;
		};
/* End XCBuildConfiguration section */

/* Begin XCConfigurationList section */
		50A61F111CF177A60090270A /* Build configuration list for PBXProject "Example" */ = {
			isa = XCConfigurationList;
			buildConfigurations = (
				50A61F361CF177A60090270A /* Debug */,
				50A61F371CF177A60090270A /* Release */,
			);
			defaultConfigurationIsVisible = 0;
			defaultConfigurationName = Release;
		};
		50A61F381CF177A60090270A /* Build configuration list for PBXNativeTarget "Example" */ = {
			isa = XCConfigurationList;
			buildConfigurations = (
				50A61F391CF177A60090270A /* Debug */,
				50A61F3A1CF177A60090270A /* Release */,
			);
			defaultConfigurationIsVisible = 0;
			defaultConfigurationName = Release;
		};
		50A61F3B1CF177A60090270A /* Build configuration list for PBXNativeTarget "ExampleTests" */ = {
			isa = XCConfigurationList;
			buildConfigurations = (
				50A61F3C1CF177A60090270A /* Debug */,
				50A61F3D1CF177A60090270A /* Release */,
			);
			defaultConfigurationIsVisible = 0;
			defaultConfigurationName = Release;
		};
/* End XCConfigurationList section */
	};
	rootObject = 50A61F0E1CF177A60090270A /* Project object */;
}
